// !$*UTF8*$!
{
	archiveVersion = 1;
	classes = {
	};
	objectVersion = 46;
	objects = {

/* Begin PBXBuildFile section */
		849FDF571AC96E2C00606027 /* main.m in Sources */ = {isa = PBXBuildFile; fileRef = 849FDF561AC96E2C00606027 /* main.m */; };
		849FDF5A1AC96E2C00606027 /* AppDelegate.m in Sources */ = {isa = PBXBuildFile; fileRef = 849FDF591AC96E2C00606027 /* AppDelegate.m */; };
		849FDF5D1AC96E2C00606027 /* ViewController.m in Sources */ = {isa = PBXBuildFile; fileRef = 849FDF5C1AC96E2C00606027 /* ViewController.m */; };
		849FDF601AC96E2C00606027 /* Main.storyboard in Resources */ = {isa = PBXBuildFile; fileRef = 849FDF5E1AC96E2C00606027 /* Main.storyboard */; };
		849FDF621AC96E2C00606027 /* Images.xcassets in Resources */ = {isa = PBXBuildFile; fileRef = 849FDF611AC96E2C00606027 /* Images.xcassets */; };
		849FDF651AC96E2C00606027 /* LaunchScreen.xib in Resources */ = {isa = PBXBuildFile; fileRef = 849FDF631AC96E2C00606027 /* LaunchScreen.xib */; };
		849FDF711AC96E2C00606027 /* RobotRemoteControlTests.m in Sources */ = {isa = PBXBuildFile; fileRef = 849FDF701AC96E2C00606027 /* RobotRemoteControlTests.m */; };
/* End PBXBuildFile section */

/* Begin PBXContainerItemProxy section */
		849FDF6B1AC96E2C00606027 /* PBXContainerItemProxy */ = {
			isa = PBXContainerItemProxy;
			containerPortal = 849FDF491AC96E2C00606027 /* Project object */;
			proxyType = 1;
			remoteGlobalIDString = 849FDF501AC96E2C00606027;
			remoteInfo = RobotRemoteControl;
		};
/* End PBXContainerItemProxy section */

/* Begin PBXFileReference section */
		849FDF511AC96E2C00606027 /* RobotRemoteControl.app */ = {isa = PBXFileReference; explicitFileType = wrapper.application; includeInIndex = 0; path = RobotRemoteControl.app; sourceTree = BUILT_PRODUCTS_DIR; };
		849FDF551AC96E2C00606027 /* Info.plist */ = {isa = PBXFileReference; lastKnownFileType = text.plist.xml; path = Info.plist; sourceTree = "<group>"; };
		849FDF561AC96E2C00606027 /* main.m */ = {isa = PBXFileReference; lastKnownFileType = sourcecode.c.objc; path = main.m; sourceTree = "<group>"; };
		849FDF581AC96E2C00606027 /* AppDelegate.h */ = {isa = PBXFileReference; lastKnownFileType = sourcecode.c.h; path = AppDelegate.h; sourceTree = "<group>"; };
		849FDF591AC96E2C00606027 /* AppDelegate.m */ = {isa = PBXFileReference; lastKnownFileType = sourcecode.c.objc; path = AppDelegate.m; sourceTree = "<group>"; };
		849FDF5B1AC96E2C00606027 /* ViewController.h */ = {isa = PBXFileReference; lastKnownFileType = sourcecode.c.h; path = ViewController.h; sourceTree = "<group>"; };
		849FDF5C1AC96E2C00606027 /* ViewController.m */ = {isa = PBXFileReference; lastKnownFileType = sourcecode.c.objc; path = ViewController.m; sourceTree = "<group>"; };
		849FDF5F1AC96E2C00606027 /* Base */ = {isa = PBXFileReference; lastKnownFileType = file.storyboard; name = Base; path = Base.lproj/Main.storyboard; sourceTree = "<group>"; };
		849FDF611AC96E2C00606027 /* Images.xcassets */ = {isa = PBXFileReference; lastKnownFileType = folder.assetcatalog; path = Images.xcassets; sourceTree = "<group>"; };
		849FDF641AC96E2C00606027 /* Base */ = {isa = PBXFileReference; lastKnownFileType = file.xib; name = Base; path = Base.lproj/LaunchScreen.xib; sourceTree = "<group>"; };
		849FDF6A1AC96E2C00606027 /* RobotRemoteControlTests.xctest */ = {isa = PBXFileReference; explicitFileType = wrapper.cfbundle; includeInIndex = 0; path = RobotRemoteControlTests.xctest; sourceTree = BUILT_PRODUCTS_DIR; };
		849FDF6F1AC96E2C00606027 /* Info.plist */ = {isa = PBXFileReference; lastKnownFileType = text.plist.xml; path = Info.plist; sourceTree = "<group>"; };
		849FDF701AC96E2C00606027 /* RobotRemoteControlTests.m */ = {isa = PBXFileReference; lastKnownFileType = sourcecode.c.objc; path = RobotRemoteControlTests.m; sourceTree = "<group>"; };
/* End PBXFileReference section */

/* Begin PBXFrameworksBuildPhase section */
		849FDF4E1AC96E2C00606027 /* Frameworks */ = {
			isa = PBXFrameworksBuildPhase;
			buildActionMask = 2147483647;
			files = (
			);
			runOnlyForDeploymentPostprocessing = 0;
		};
		849FDF671AC96E2C00606027 /* Frameworks */ = {
			isa = PBXFrameworksBuildPhase;
			buildActionMask = 2147483647;
			files = (
			);
			runOnlyForDeploymentPostprocessing = 0;
		};
/* End PBXFrameworksBuildPhase section */

/* Begin PBXGroup section */
		849FDF481AC96E2C00606027 = {
			isa = PBXGroup;
			children = (
				849FDF531AC96E2C00606027 /* RobotRemoteControl */,
				849FDF6D1AC96E2C00606027 /* RobotRemoteControlTests */,
				849FDF521AC96E2C00606027 /* Products */,
			);
			sourceTree = "<group>";
		};
		849FDF521AC96E2C00606027 /* Products */ = {
			isa = PBXGroup;
			children = (
				849FDF511AC96E2C00606027 /* RobotRemoteControl.app */,
				849FDF6A1AC96E2C00606027 /* RobotRemoteControlTests.xctest */,
			);
			name = Products;
			sourceTree = "<group>";
		};
		849FDF531AC96E2C00606027 /* RobotRemoteControl */ = {
			isa = PBXGroup;
			children = (
				849FDF581AC96E2C00606027 /* AppDelegate.h */,
				849FDF591AC96E2C00606027 /* AppDelegate.m */,
				849FDF5B1AC96E2C00606027 /* ViewController.h */,
				849FDF5C1AC96E2C00606027 /* ViewController.m */,
				849FDF5E1AC96E2C00606027 /* Main.storyboard */,
				849FDF611AC96E2C00606027 /* Images.xcassets */,
				849FDF631AC96E2C00606027 /* LaunchScreen.xib */,
				849FDF541AC96E2C00606027 /* Supporting Files */,
			);
			path = RobotRemoteControl;
			sourceTree = "<group>";
		};
		849FDF541AC96E2C00606027 /* Supporting Files */ = {
			isa = PBXGroup;
			children = (
				849FDF551AC96E2C00606027 /* Info.plist */,
				849FDF561AC96E2C00606027 /* main.m */,
			);
			name = "Supporting Files";
			sourceTree = "<group>";
		};
		849FDF6D1AC96E2C00606027 /* RobotRemoteControlTests */ = {
			isa = PBXGroup;
			children = (
				849FDF701AC96E2C00606027 /* RobotRemoteControlTests.m */,
				849FDF6E1AC96E2C00606027 /* Supporting Files */,
			);
			path = RobotRemoteControlTests;
			sourceTree = "<group>";
		};
		849FDF6E1AC96E2C00606027 /* Supporting Files */ = {
			isa = PBXGroup;
			children = (
				849FDF6F1AC96E2C00606027 /* Info.plist */,
			);
			name = "Supporting Files";
			sourceTree = "<group>";
		};
/* End PBXGroup section */

/* Begin PBXNativeTarget section */
		849FDF501AC96E2C00606027 /* RobotRemoteControl */ = {
			isa = PBXNativeTarget;
			buildConfigurationList = 849FDF741AC96E2C00606027 /* Build configuration list for PBXNativeTarget "RobotRemoteControl" */;
			buildPhases = (
				849FDF4D1AC96E2C00606027 /* Sources */,
				849FDF4E1AC96E2C00606027 /* Frameworks */,
				849FDF4F1AC96E2C00606027 /* Resources */,
			);
			buildRules = (
			);
			dependencies = (
			);
			name = RobotRemoteControl;
			productName = RobotRemoteControl;
			productReference = 849FDF511AC96E2C00606027 /* RobotRemoteControl.app */;
			productType = "com.apple.product-type.application";
		};
		849FDF691AC96E2C00606027 /* RobotRemoteControlTests */ = {
			isa = PBXNativeTarget;
			buildConfigurationList = 849FDF771AC96E2C00606027 /* Build configuration list for PBXNativeTarget "RobotRemoteControlTests" */;
			buildPhases = (
				849FDF661AC96E2C00606027 /* Sources */,
				849FDF671AC96E2C00606027 /* Frameworks */,
				849FDF681AC96E2C00606027 /* Resources */,
			);
			buildRules = (
			);
			dependencies = (
				849FDF6C1AC96E2C00606027 /* PBXTargetDependency */,
			);
			name = RobotRemoteControlTests;
			productName = RobotRemoteControlTests;
			productReference = 849FDF6A1AC96E2C00606027 /* RobotRemoteControlTests.xctest */;
			productType = "com.apple.product-type.bundle.unit-test";
		};
/* End PBXNativeTarget section */

/* Begin PBXProject section */
		849FDF491AC96E2C00606027 /* Project object */ = {
			isa = PBXProject;
			attributes = {
				LastUpgradeCheck = 0620;
				ORGANIZATIONNAME = Admin;
				TargetAttributes = {
					849FDF501AC96E2C00606027 = {
						CreatedOnToolsVersion = 6.2;
					};
					849FDF691AC96E2C00606027 = {
						CreatedOnToolsVersion = 6.2;
						TestTargetID = 849FDF501AC96E2C00606027;
					};
				};
			};
			buildConfigurationList = 849FDF4C1AC96E2C00606027 /* Build configuration list for PBXProject "RobotRemoteControl" */;
			compatibilityVersion = "Xcode 3.2";
			developmentRegion = English;
			hasScannedForEncodings = 0;
			knownRegions = (
				en,
				Base,
			);
			mainGroup = 849FDF481AC96E2C00606027;
			productRefGroup = 849FDF521AC96E2C00606027 /* Products */;
			projectDirPath = "";
			projectRoot = "";
			targets = (
				849FDF501AC96E2C00606027 /* RobotRemoteControl */,
				849FDF691AC96E2C00606027 /* RobotRemoteControlTests */,
			);
		};
/* End PBXProject section */

/* Begin PBXResourcesBuildPhase section */
		849FDF4F1AC96E2C00606027 /* Resources */ = {
			isa = PBXResourcesBuildPhase;
			buildActionMask = 2147483647;
			files = (
				849FDF601AC96E2C00606027 /* Main.storyboard in Resources */,
				849FDF651AC96E2C00606027 /* LaunchScreen.xib in Resources */,
				849FDF621AC96E2C00606027 /* Images.xcassets in Resources */,
			);
			runOnlyForDeploymentPostprocessing = 0;
		};
		849FDF681AC96E2C00606027 /* Resources */ = {
			isa = PBXResourcesBuildPhase;
			buildActionMask = 2147483647;
			files = (
			);
			runOnlyForDeploymentPostprocessing = 0;
		};
/* End PBXResourcesBuildPhase section */

/* Begin PBXSourcesBuildPhase section */
		849FDF4D1AC96E2C00606027 /* Sources */ = {
			isa = PBXSourcesBuildPhase;
			buildActionMask = 2147483647;
			files = (
				849FDF5D1AC96E2C00606027 /* ViewController.m in Sources */,
				849FDF5A1AC96E2C00606027 /* AppDelegate.m in Sources */,
				849FDF571AC96E2C00606027 /* main.m in Sources */,
			);
			runOnlyForDeploymentPostprocessing = 0;
		};
		849FDF661AC96E2C00606027 /* Sources */ = {
			isa = PBXSourcesBuildPhase;
			buildActionMask = 2147483647;
			files = (
				849FDF711AC96E2C00606027 /* RobotRemoteControlTests.m in Sources */,
			);
			runOnlyForDeploymentPostprocessing = 0;
		};
/* End PBXSourcesBuildPhase section */

/* Begin PBXTargetDependency section */
		849FDF6C1AC96E2C00606027 /* PBXTargetDependency */ = {
			isa = PBXTargetDependency;
			target = 849FDF501AC96E2C00606027 /* RobotRemoteControl */;
			targetProxy = 849FDF6B1AC96E2C00606027 /* PBXContainerItemProxy */;
		};
/* End PBXTargetDependency section */

/* Begin PBXVariantGroup section */
		849FDF5E1AC96E2C00606027 /* Main.storyboard */ = {
			isa = PBXVariantGroup;
			children = (
				849FDF5F1AC96E2C00606027 /* Base */,
			);
			name = Main.storyboard;
			sourceTree = "<group>";
		};
		849FDF631AC96E2C00606027 /* LaunchScreen.xib */ = {
			isa = PBXVariantGroup;
			children = (
				849FDF641AC96E2C00606027 /* Base */,
			);
			name = LaunchScreen.xib;
			sourceTree = "<group>";
		};
/* End PBXVariantGroup section */

/* Begin XCBuildConfiguration section */
		849FDF721AC96E2C00606027 /* Debug */ = {
			isa = XCBuildConfiguration;
			buildSettings = {
				ALWAYS_SEARCH_USER_PATHS = NO;
				CLANG_CXX_LANGUAGE_STANDARD = "gnu++0x";
				CLANG_CXX_LIBRARY = "libc++";
				CLANG_ENABLE_MODULES = YES;
				CLANG_ENABLE_OBJC_ARC = YES;
				CLANG_WARN_BOOL_CONVERSION = YES;
				CLANG_WARN_CONSTANT_CONVERSION = YES;
				CLANG_WARN_DIRECT_OBJC_ISA_USAGE = YES_ERROR;
				CLANG_WARN_EMPTY_BODY = YES;
				CLANG_WARN_ENUM_CONVERSION = YES;
				CLANG_WARN_INT_CONVERSION = YES;
				CLANG_WARN_OBJC_ROOT_CLASS = YES_ERROR;
				CLANG_WARN_UNREACHABLE_CODE = YES;
				CLANG_WARN__DUPLICATE_METHOD_MATCH = YES;
				"CODE_SIGN_IDENTITY[sdk=iphoneos*]" = "iPhone Developer";
				COPY_PHASE_STRIP = NO;
				ENABLE_STRICT_OBJC_MSGSEND = YES;
				GCC_C_LANGUAGE_STANDARD = gnu99;
				GCC_DYNAMIC_NO_PIC = NO;
				GCC_OPTIMIZATION_LEVEL = 0;
				GCC_PREPROCESSOR_DEFINITIONS = (
					"DEBUG=1",
					"$(inherited)",
				);
				GCC_SYMBOLS_PRIVATE_EXTERN = NO;
				GCC_WARN_64_TO_32_BIT_CONVERSION = YES;
				GCC_WARN_ABOUT_RETURN_TYPE = YES_ERROR;
				GCC_WARN_UNDECLARED_SELECTOR = YES;
				GCC_WARN_UNINITIALIZED_AUTOS = YES_AGGRESSIVE;
				GCC_WARN_UNUSED_FUNCTION = YES;
				GCC_WARN_UNUSED_VARIABLE = YES;
				IPHONEOS_DEPLOYMENT_TARGET = 8.2;
				MTL_ENABLE_DEBUG_INFO = YES;
				ONLY_ACTIVE_ARCH = YES;
				SDKROOT = iphoneos;
			};
			name = Debug;
		};
		849FDF731AC96E2C00606027 /* Release */ = {
			isa = XCBuildConfiguration;
			buildSettings = {
				ALWAYS_SEARCH_USER_PATHS = NO;
				CLANG_CXX_LANGUAGE_STANDARD = "gnu++0x";
				CLANG_CXX_LIBRARY = "libc++";
				CLANG_ENABLE_MODULES = YES;
				CLANG_ENABLE_OBJC_ARC = YES;
				CLANG_WARN_BOOL_CONVERSION = YES;
				CLANG_WARN_CONSTANT_CONVERSION = YES;
				CLANG_WARN_DIRECT_OBJC_ISA_USAGE = YES_ERROR;
				CLANG_WARN_EMPTY_BODY = YES;
				CLANG_WARN_ENUM_CONVERSION = YES;
				CLANG_WARN_INT_CONVERSION = YES;
				CLANG_WARN_OBJC_ROOT_CLASS = YES_ERROR;
				CLANG_WARN_UNREACHABLE_CODE = YES;
				CLANG_WARN__DUPLICATE_METHOD_MATCH = YES;
				"CODE_SIGN_IDENTITY[sdk=iphoneos*]" = "iPhone Developer";
				COPY_PHASE_STRIP = NO;
				ENABLE_NS_ASSERTIONS = NO;
				ENABLE_STRICT_OBJC_MSGSEND = YES;
				GCC_C_LANGUAGE_STANDARD = gnu99;
				GCC_WARN_64_TO_32_BIT_CONVERSION = YES;
				GCC_WARN_ABOUT_RETURN_TYPE = YES_ERROR;
				GCC_WARN_UNDECLARED_SELECTOR = YES;
				GCC_WARN_UNINITIALIZED_AUTOS = YES_AGGRESSIVE;
				GCC_WARN_UNUSED_FUNCTION = YES;
				GCC_WARN_UNUSED_VARIABLE = YES;
				IPHONEOS_DEPLOYMENT_TARGET = 8.2;
				MTL_ENABLE_DEBUG_INFO = NO;
				SDKROOT = iphoneos;
				VALIDATE_PRODUCT = YES;
			};
			name = Release;
		};
		849FDF751AC96E2C00606027 /* Debug */ = {
			isa = XCBuildConfiguration;
			buildSettings = {
				ASSETCATALOG_COMPILER_APPICON_NAME = AppIcon;
				INFOPLIST_FILE = RobotRemoteControl/Info.plist;
				LD_RUNPATH_SEARCH_PATHS = "$(inherited) @executable_path/Frameworks";
				PRODUCT_NAME = "$(TARGET_NAME)";
			};
			name = Debug;
		};
		849FDF761AC96E2C00606027 /* Release */ = {
			isa = XCBuildConfiguration;
			buildSettings = {
				ASSETCATALOG_COMPILER_APPICON_NAME = AppIcon;
				INFOPLIST_FILE = RobotRemoteControl/Info.plist;
				LD_RUNPATH_SEARCH_PATHS = "$(inherited) @executable_path/Frameworks";
				PRODUCT_NAME = "$(TARGET_NAME)";
			};
			name = Release;
		};
		849FDF781AC96E2C00606027 /* Debug */ = {
			isa = XCBuildConfiguration;
			buildSettings = {
				BUNDLE_LOADER = "$(TEST_HOST)";
				FRAMEWORK_SEARCH_PATHS = (
					"$(SDKROOT)/Developer/Library/Frameworks",
					"$(inherited)",
				);
				GCC_PREPROCESSOR_DEFINITIONS = (
					"DEBUG=1",
					"$(inherited)",
				);
				INFOPLIST_FILE = RobotRemoteControlTests/Info.plist;
				LD_RUNPATH_SEARCH_PATHS = "$(inherited) @executable_path/Frameworks @loader_path/Frameworks";
				PRODUCT_NAME = "$(TARGET_NAME)";
				TEST_HOST = "$(BUILT_PRODUCTS_DIR)/RobotRemoteControl.app/RobotRemoteControl";
			};
			name = Debug;
		};
		849FDF791AC96E2C00606027 /* Release */ = {
			isa = XCBuildConfiguration;
			buildSettings = {
				BUNDLE_LOADER = "$(TEST_HOST)";
				FRAMEWORK_SEARCH_PATHS = (
					"$(SDKROOT)/Developer/Library/Frameworks",
					"$(inherited)",
				);
				INFOPLIST_FILE = RobotRemoteControlTests/Info.plist;
				LD_RUNPATH_SEARCH_PATHS = "$(inherited) @executable_path/Frameworks @loader_path/Frameworks";
				PRODUCT_NAME = "$(TARGET_NAME)";
				TEST_HOST = "$(BUILT_PRODUCTS_DIR)/RobotRemoteControl.app/RobotRemoteControl";
			};
			name = Release;
		};
/* End XCBuildConfiguration section */

/* Begin XCConfigurationList section */
		849FDF4C1AC96E2C00606027 /* Build configuration list for PBXProject "RobotRemoteControl" */ = {
			isa = XCConfigurationList;
			buildConfigurations = (
				849FDF721AC96E2C00606027 /* Debug */,
				849FDF731AC96E2C00606027 /* Release */,
			);
			defaultConfigurationIsVisible = 0;
			defaultConfigurationName = Release;
		};
		849FDF741AC96E2C00606027 /* Build configuration list for PBXNativeTarget "RobotRemoteControl" */ = {
			isa = XCConfigurationList;
			buildConfigurations = (
				849FDF751AC96E2C00606027 /* Debug */,
				849FDF761AC96E2C00606027 /* Release */,
			);
			defaultConfigurationIsVisible = 0;
		};
		849FDF771AC96E2C00606027 /* Build configuration list for PBXNativeTarget "RobotRemoteControlTests" */ = {
			isa = XCConfigurationList;
			buildConfigurations = (
				849FDF781AC96E2C00606027 /* Debug */,
				849FDF791AC96E2C00606027 /* Release */,
			);
			defaultConfigurationIsVisible = 0;
		};
/* End XCConfigurationList section */
	};
	rootObject = 849FDF491AC96E2C00606027 /* Project object */;
}
